// !$*UTF8*$!
{
	archiveVersion = 1;
	classes = {
	};
	objectVersion = 51;
	objects = {

/* Begin PBXBuildFile section */
		67BF3DA3C0B23932733B9107 /* Pods_BuggyApp.framework in Frameworks */ = {isa = PBXBuildFile; fileRef = 96678414E5A2A7BB58448564 /* Pods_BuggyApp.framework */; };
		AE2873C822CA78E0004B4671 /* TrackTableViewCell.swift in Sources */ = {isa = PBXBuildFile; fileRef = AE2873C722CA78E0004B4671 /* TrackTableViewCell.swift */; };
		AE2873CA22CA8B7B004B4671 /* MusicTracksViewController.swift in Sources */ = {isa = PBXBuildFile; fileRef = AE2873C922CA8B7B004B4671 /* MusicTracksViewController.swift */; };
		AE2873CC22CA8BA7004B4671 /* MusicTrackDetailViewController.swift in Sources */ = {isa = PBXBuildFile; fileRef = AE2873CB22CA8BA7004B4671 /* MusicTrackDetailViewController.swift */; };
		BF1E2B1822C5CEE800C65524 /* AppDelegate.swift in Sources */ = {isa = PBXBuildFile; fileRef = BF1E2B1722C5CEE800C65524 /* AppDelegate.swift */; };
		BF1E2B1A22C5CEE800C65524 /* FirstViewController.swift in Sources */ = {isa = PBXBuildFile; fileRef = BF1E2B1922C5CEE800C65524 /* FirstViewController.swift */; };
		BF1E2B1F22C5CEE800C65524 /* Main.storyboard in Resources */ = {isa = PBXBuildFile; fileRef = BF1E2B1D22C5CEE800C65524 /* Main.storyboard */; };
		BF1E2B2122C5CEEA00C65524 /* Assets.xcassets in Resources */ = {isa = PBXBuildFile; fileRef = BF1E2B2022C5CEEA00C65524 /* Assets.xcassets */; };
		BF1E2B2422C5CEEA00C65524 /* LaunchScreen.storyboard in Resources */ = {isa = PBXBuildFile; fileRef = BF1E2B2222C5CEEA00C65524 /* LaunchScreen.storyboard */; };
		BF1E2B2F22C5CEEA00C65524 /* BuggyAppTests.swift in Sources */ = {isa = PBXBuildFile; fileRef = BF1E2B2E22C5CEEA00C65524 /* BuggyAppTests.swift */; };
		BF1E2B4222C5D69500C65524 /* ThirdViewController.swift in Sources */ = {isa = PBXBuildFile; fileRef = BF1E2B4122C5D69500C65524 /* ThirdViewController.swift */; };
		BFEFE82222C60BFF00A3B7EB /* ApiManager.swift in Sources */ = {isa = PBXBuildFile; fileRef = BFEFE82122C60BFF00A3B7EB /* ApiManager.swift */; };
		BFEFE82422C60CD800A3B7EB /* Model.swift in Sources */ = {isa = PBXBuildFile; fileRef = BFEFE82322C60CD800A3B7EB /* Model.swift */; };
		BFEFE82622C615A400A3B7EB /* CurrencyCell.swift in Sources */ = {isa = PBXBuildFile; fileRef = BFEFE82522C615A400A3B7EB /* CurrencyCell.swift */; };
		BFEFE83222C621DC00A3B7EB /* First.storyboard in Resources */ = {isa = PBXBuildFile; fileRef = BFEFE82C22C621DC00A3B7EB /* First.storyboard */; };
		BFEFE83322C621DC00A3B7EB /* Second.storyboard in Resources */ = {isa = PBXBuildFile; fileRef = BFEFE82E22C621DC00A3B7EB /* Second.storyboard */; };
		BFEFE83422C621DC00A3B7EB /* Third.storyboard in Resources */ = {isa = PBXBuildFile; fileRef = BFEFE83022C621DC00A3B7EB /* Third.storyboard */; };
		F08174CB247441A80243B657 /* Pods_BuggyAppTests.framework in Frameworks */ = {isa = PBXBuildFile; fileRef = 662E6907135100BC9FA04336 /* Pods_BuggyAppTests.framework */; };
/* End PBXBuildFile section */

/* Begin PBXContainerItemProxy section */
		BF1E2B2B22C5CEEA00C65524 /* PBXContainerItemProxy */ = {
			isa = PBXContainerItemProxy;
			containerPortal = BF1E2B0C22C5CEE800C65524 /* Project object */;
			proxyType = 1;
			remoteGlobalIDString = BF1E2B1322C5CEE800C65524;
			remoteInfo = BuggyApp;
		};
/* End PBXContainerItemProxy section */

/* Begin PBXFileReference section */
		3A6D13EE01A0440D37FD3FE1 /* Pods-BuggyAppTests.release.xcconfig */ = {isa = PBXFileReference; includeInIndex = 1; lastKnownFileType = text.xcconfig; name = "Pods-BuggyAppTests.release.xcconfig"; path = "Target Support Files/Pods-BuggyAppTests/Pods-BuggyAppTests.release.xcconfig"; sourceTree = "<group>"; };
		3B460585BBA02A6B2984F37B /* Pods-BuggyApp.debug.xcconfig */ = {isa = PBXFileReference; includeInIndex = 1; lastKnownFileType = text.xcconfig; name = "Pods-BuggyApp.debug.xcconfig"; path = "Target Support Files/Pods-BuggyApp/Pods-BuggyApp.debug.xcconfig"; sourceTree = "<group>"; };
		55F06A15BC6F80C68E57AD54 /* Pods-BuggyAppTests.debug.xcconfig */ = {isa = PBXFileReference; includeInIndex = 1; lastKnownFileType = text.xcconfig; name = "Pods-BuggyAppTests.debug.xcconfig"; path = "Target Support Files/Pods-BuggyAppTests/Pods-BuggyAppTests.debug.xcconfig"; sourceTree = "<group>"; };
		662E6907135100BC9FA04336 /* Pods_BuggyAppTests.framework */ = {isa = PBXFileReference; explicitFileType = wrapper.framework; includeInIndex = 0; path = Pods_BuggyAppTests.framework; sourceTree = BUILT_PRODUCTS_DIR; };
		7274C5F7029EB10AD8B0087D /* Pods-BuggyApp.release.xcconfig */ = {isa = PBXFileReference; includeInIndex = 1; lastKnownFileType = text.xcconfig; name = "Pods-BuggyApp.release.xcconfig"; path = "Target Support Files/Pods-BuggyApp/Pods-BuggyApp.release.xcconfig"; sourceTree = "<group>"; };
		96678414E5A2A7BB58448564 /* Pods_BuggyApp.framework */ = {isa = PBXFileReference; explicitFileType = wrapper.framework; includeInIndex = 0; path = Pods_BuggyApp.framework; sourceTree = BUILT_PRODUCTS_DIR; };
		AE2873C722CA78E0004B4671 /* TrackTableViewCell.swift */ = {isa = PBXFileReference; lastKnownFileType = sourcecode.swift; path = TrackTableViewCell.swift; sourceTree = "<group>"; };
		AE2873C922CA8B7B004B4671 /* MusicTracksViewController.swift */ = {isa = PBXFileReference; fileEncoding = 4; lastKnownFileType = sourcecode.swift; path = MusicTracksViewController.swift; sourceTree = "<group>"; };
		AE2873CB22CA8BA7004B4671 /* MusicTrackDetailViewController.swift */ = {isa = PBXFileReference; lastKnownFileType = sourcecode.swift; path = MusicTrackDetailViewController.swift; sourceTree = "<group>"; };
		BF1E2B1422C5CEE800C65524 /* BuggyApp.app */ = {isa = PBXFileReference; explicitFileType = wrapper.application; includeInIndex = 0; path = BuggyApp.app; sourceTree = BUILT_PRODUCTS_DIR; };
		BF1E2B1722C5CEE800C65524 /* AppDelegate.swift */ = {isa = PBXFileReference; lastKnownFileType = sourcecode.swift; path = AppDelegate.swift; sourceTree = "<group>"; };
		BF1E2B1922C5CEE800C65524 /* FirstViewController.swift */ = {isa = PBXFileReference; lastKnownFileType = sourcecode.swift; path = FirstViewController.swift; sourceTree = "<group>"; };
		BF1E2B1E22C5CEE800C65524 /* Base */ = {isa = PBXFileReference; lastKnownFileType = file.storyboard; name = Base; path = Base.lproj/Main.storyboard; sourceTree = "<group>"; };
		BF1E2B2022C5CEEA00C65524 /* Assets.xcassets */ = {isa = PBXFileReference; lastKnownFileType = folder.assetcatalog; path = Assets.xcassets; sourceTree = "<group>"; };
		BF1E2B2322C5CEEA00C65524 /* Base */ = {isa = PBXFileReference; lastKnownFileType = file.storyboard; name = Base; path = Base.lproj/LaunchScreen.storyboard; sourceTree = "<group>"; };
		BF1E2B2522C5CEEA00C65524 /* Info.plist */ = {isa = PBXFileReference; lastKnownFileType = text.plist.xml; path = Info.plist; sourceTree = "<group>"; };
		BF1E2B2A22C5CEEA00C65524 /* BuggyAppTests.xctest */ = {isa = PBXFileReference; explicitFileType = wrapper.cfbundle; includeInIndex = 0; path = BuggyAppTests.xctest; sourceTree = BUILT_PRODUCTS_DIR; };
		BF1E2B2E22C5CEEA00C65524 /* BuggyAppTests.swift */ = {isa = PBXFileReference; lastKnownFileType = sourcecode.swift; path = BuggyAppTests.swift; sourceTree = "<group>"; };
		BF1E2B3022C5CEEA00C65524 /* Info.plist */ = {isa = PBXFileReference; lastKnownFileType = text.plist.xml; path = Info.plist; sourceTree = "<group>"; };
		BF1E2B4122C5D69500C65524 /* ThirdViewController.swift */ = {isa = PBXFileReference; lastKnownFileType = sourcecode.swift; path = ThirdViewController.swift; sourceTree = "<group>"; };
		BFEFE82122C60BFF00A3B7EB /* ApiManager.swift */ = {isa = PBXFileReference; lastKnownFileType = sourcecode.swift; path = ApiManager.swift; sourceTree = "<group>"; };
		BFEFE82322C60CD800A3B7EB /* Model.swift */ = {isa = PBXFileReference; lastKnownFileType = sourcecode.swift; path = Model.swift; sourceTree = "<group>"; };
		BFEFE82522C615A400A3B7EB /* CurrencyCell.swift */ = {isa = PBXFileReference; lastKnownFileType = sourcecode.swift; path = CurrencyCell.swift; sourceTree = "<group>"; };
		BFEFE82D22C621DC00A3B7EB /* Base */ = {isa = PBXFileReference; lastKnownFileType = file.storyboard; name = Base; path = Base.lproj/First.storyboard; sourceTree = "<group>"; };
		BFEFE82F22C621DC00A3B7EB /* Base */ = {isa = PBXFileReference; lastKnownFileType = file.storyboard; name = Base; path = Base.lproj/Second.storyboard; sourceTree = "<group>"; };
		BFEFE83122C621DC00A3B7EB /* Base */ = {isa = PBXFileReference; lastKnownFileType = file.storyboard; name = Base; path = Base.lproj/Third.storyboard; sourceTree = "<group>"; };
/* End PBXFileReference section */

/* Begin PBXFrameworksBuildPhase section */
		BF1E2B1122C5CEE800C65524 /* Frameworks */ = {
			isa = PBXFrameworksBuildPhase;
			buildActionMask = 2147483647;
			files = (
				67BF3DA3C0B23932733B9107 /* Pods_BuggyApp.framework in Frameworks */,
			);
			runOnlyForDeploymentPostprocessing = 0;
		};
		BF1E2B2722C5CEEA00C65524 /* Frameworks */ = {
			isa = PBXFrameworksBuildPhase;
			buildActionMask = 2147483647;
			files = (
				F08174CB247441A80243B657 /* Pods_BuggyAppTests.framework in Frameworks */,
			);
			runOnlyForDeploymentPostprocessing = 0;
		};
/* End PBXFrameworksBuildPhase section */

/* Begin PBXGroup section */
		385CA871821B46060DD829A9 /* Frameworks */ = {
			isa = PBXGroup;
			children = (
				96678414E5A2A7BB58448564 /* Pods_BuggyApp.framework */,
				662E6907135100BC9FA04336 /* Pods_BuggyAppTests.framework */,
			);
			name = Frameworks;
			sourceTree = "<group>";
		};
		82E1BEB33A50641CF9FA188C /* Pods */ = {
			isa = PBXGroup;
			children = (
				3B460585BBA02A6B2984F37B /* Pods-BuggyApp.debug.xcconfig */,
				7274C5F7029EB10AD8B0087D /* Pods-BuggyApp.release.xcconfig */,
				55F06A15BC6F80C68E57AD54 /* Pods-BuggyAppTests.debug.xcconfig */,
				3A6D13EE01A0440D37FD3FE1 /* Pods-BuggyAppTests.release.xcconfig */,
			);
			path = Pods;
			sourceTree = "<group>";
		};
		BF1E2B0B22C5CEE800C65524 = {
			isa = PBXGroup;
			children = (
				BF1E2B1622C5CEE800C65524 /* BuggyApp */,
				BF1E2B2D22C5CEEA00C65524 /* BuggyAppTests */,
				BF1E2B1522C5CEE800C65524 /* Products */,
				82E1BEB33A50641CF9FA188C /* Pods */,
				385CA871821B46060DD829A9 /* Frameworks */,
			);
			sourceTree = "<group>";
		};
		BF1E2B1522C5CEE800C65524 /* Products */ = {
			isa = PBXGroup;
			children = (
				BF1E2B1422C5CEE800C65524 /* BuggyApp.app */,
				BF1E2B2A22C5CEEA00C65524 /* BuggyAppTests.xctest */,
			);
			name = Products;
			sourceTree = "<group>";
		};
		BF1E2B1622C5CEE800C65524 /* BuggyApp */ = {
			isa = PBXGroup;
			children = (
				BF1E2B1722C5CEE800C65524 /* AppDelegate.swift */,
				BFEFE82122C60BFF00A3B7EB /* ApiManager.swift */,
				BFEFE82322C60CD800A3B7EB /* Model.swift */,
				BFEFE82B22C6213500A3B7EB /* ViewControllers */,
				BFEFE82722C620DD00A3B7EB /* Storyboards */,
				BF1E2B2022C5CEEA00C65524 /* Assets.xcassets */,
				BF1E2B2222C5CEEA00C65524 /* LaunchScreen.storyboard */,
				BF1E2B2522C5CEEA00C65524 /* Info.plist */,
				BFEFE82522C615A400A3B7EB /* CurrencyCell.swift */,
				AE2873C722CA78E0004B4671 /* TrackTableViewCell.swift */,
			);
			path = BuggyApp;
			sourceTree = "<group>";
		};
		BF1E2B2D22C5CEEA00C65524 /* BuggyAppTests */ = {
			isa = PBXGroup;
			children = (
				BF1E2B2E22C5CEEA00C65524 /* BuggyAppTests.swift */,
				BF1E2B3022C5CEEA00C65524 /* Info.plist */,
			);
			path = BuggyAppTests;
			sourceTree = "<group>";
		};
		BFEFE82722C620DD00A3B7EB /* Storyboards */ = {
			isa = PBXGroup;
			children = (
				BFEFE82C22C621DC00A3B7EB /* First.storyboard */,
				BFEFE82E22C621DC00A3B7EB /* Second.storyboard */,
				BFEFE83022C621DC00A3B7EB /* Third.storyboard */,
				BF1E2B1D22C5CEE800C65524 /* Main.storyboard */,
			);
			path = Storyboards;
			sourceTree = "<group>";
		};
		BFEFE82B22C6213500A3B7EB /* ViewControllers */ = {
			isa = PBXGroup;
			children = (
				BF1E2B1922C5CEE800C65524 /* FirstViewController.swift */,
				AE2873C922CA8B7B004B4671 /* MusicTracksViewController.swift */,
				AE2873CB22CA8BA7004B4671 /* MusicTrackDetailViewController.swift */,
				BF1E2B4122C5D69500C65524 /* ThirdViewController.swift */,
			);
			path = ViewControllers;
			sourceTree = "<group>";
		};
/* End PBXGroup section */

/* Begin PBXNativeTarget section */
		BF1E2B1322C5CEE800C65524 /* BuggyApp */ = {
			isa = PBXNativeTarget;
			buildConfigurationList = BF1E2B3322C5CEEA00C65524 /* Build configuration list for PBXNativeTarget "BuggyApp" */;
			buildPhases = (
				415FEF7389116C83A882BB81 /* [CP] Check Pods Manifest.lock */,
				BF1E2B1022C5CEE800C65524 /* Sources */,
				BF1E2B1122C5CEE800C65524 /* Frameworks */,
				BF1E2B1222C5CEE800C65524 /* Resources */,
				19CBD5E1DA84C76C2489E64B /* [CP] Embed Pods Frameworks */,
			);
			buildRules = (
			);
			dependencies = (
			);
			name = BuggyApp;
			productName = BuggyApp;
			productReference = BF1E2B1422C5CEE800C65524 /* BuggyApp.app */;
			productType = "com.apple.product-type.application";
		};
		BF1E2B2922C5CEEA00C65524 /* BuggyAppTests */ = {
			isa = PBXNativeTarget;
			buildConfigurationList = BF1E2B3622C5CEEA00C65524 /* Build configuration list for PBXNativeTarget "BuggyAppTests" */;
			buildPhases = (
				D694D7C225FA1EDFB2CD1297 /* [CP] Check Pods Manifest.lock */,
				BF1E2B2622C5CEEA00C65524 /* Sources */,
				BF1E2B2722C5CEEA00C65524 /* Frameworks */,
				BF1E2B2822C5CEEA00C65524 /* Resources */,
			);
			buildRules = (
			);
			dependencies = (
				BF1E2B2C22C5CEEA00C65524 /* PBXTargetDependency */,
			);
			name = BuggyAppTests;
			productName = BuggyAppTests;
			productReference = BF1E2B2A22C5CEEA00C65524 /* BuggyAppTests.xctest */;
			productType = "com.apple.product-type.bundle.unit-test";
		};
/* End PBXNativeTarget section */

/* Begin PBXProject section */
		BF1E2B0C22C5CEE800C65524 /* Project object */ = {
			isa = PBXProject;
			attributes = {
				LastSwiftUpdateCheck = 1020;
				LastUpgradeCheck = 1020;
				ORGANIZATIONNAME = scbeasy;
				TargetAttributes = {
					BF1E2B1322C5CEE800C65524 = {
						CreatedOnToolsVersion = 10.2.1;
					};
					BF1E2B2922C5CEEA00C65524 = {
						CreatedOnToolsVersion = 10.2.1;
						TestTargetID = BF1E2B1322C5CEE800C65524;
					};
				};
			};
			buildConfigurationList = BF1E2B0F22C5CEE800C65524 /* Build configuration list for PBXProject "BuggyApp" */;
			compatibilityVersion = "Xcode 9.3";
			developmentRegion = en;
			hasScannedForEncodings = 0;
			knownRegions = (
				en,
				Base,
			);
			mainGroup = BF1E2B0B22C5CEE800C65524;
			productRefGroup = BF1E2B1522C5CEE800C65524 /* Products */;
			projectDirPath = "";
			projectRoot = "";
			targets = (
				BF1E2B1322C5CEE800C65524 /* BuggyApp */,
				BF1E2B2922C5CEEA00C65524 /* BuggyAppTests */,
			);
		};
/* End PBXProject section */

/* Begin PBXResourcesBuildPhase section */
		BF1E2B1222C5CEE800C65524 /* Resources */ = {
			isa = PBXResourcesBuildPhase;
			buildActionMask = 2147483647;
			files = (
				BF1E2B2422C5CEEA00C65524 /* LaunchScreen.storyboard in Resources */,
				BF1E2B2122C5CEEA00C65524 /* Assets.xcassets in Resources */,
				BF1E2B1F22C5CEE800C65524 /* Main.storyboard in Resources */,
				BFEFE83322C621DC00A3B7EB /* Second.storyboard in Resources */,
				BFEFE83422C621DC00A3B7EB /* Third.storyboard in Resources */,
				BFEFE83222C621DC00A3B7EB /* First.storyboard in Resources */,
			);
			runOnlyForDeploymentPostprocessing = 0;
		};
		BF1E2B2822C5CEEA00C65524 /* Resources */ = {
			isa = PBXResourcesBuildPhase;
			buildActionMask = 2147483647;
			files = (
			);
			runOnlyForDeploymentPostprocessing = 0;
		};
/* End PBXResourcesBuildPhase section */

/* Begin PBXShellScriptBuildPhase section */
		19CBD5E1DA84C76C2489E64B /* [CP] Embed Pods Frameworks */ = {
			isa = PBXShellScriptBuildPhase;
			buildActionMask = 2147483647;
			files = (
			);
			inputFileListPaths = (
				"${PODS_ROOT}/Target Support Files/Pods-BuggyApp/Pods-BuggyApp-frameworks-${CONFIGURATION}-input-files.xcfilelist",
			);
			name = "[CP] Embed Pods Frameworks";
			outputFileListPaths = (
				"${PODS_ROOT}/Target Support Files/Pods-BuggyApp/Pods-BuggyApp-frameworks-${CONFIGURATION}-output-files.xcfilelist",
			);
			runOnlyForDeploymentPostprocessing = 0;
			shellPath = /bin/sh;
			shellScript = "\"${PODS_ROOT}/Target Support Files/Pods-BuggyApp/Pods-BuggyApp-frameworks.sh\"\n";
			showEnvVarsInLog = 0;
		};
		415FEF7389116C83A882BB81 /* [CP] Check Pods Manifest.lock */ = {
			isa = PBXShellScriptBuildPhase;
			buildActionMask = 2147483647;
			files = (
			);
			inputFileListPaths = (
			);
			inputPaths = (
				"${PODS_PODFILE_DIR_PATH}/Podfile.lock",
				"${PODS_ROOT}/Manifest.lock",
			);
			name = "[CP] Check Pods Manifest.lock";
			outputFileListPaths = (
			);
			outputPaths = (
				"$(DERIVED_FILE_DIR)/Pods-BuggyApp-checkManifestLockResult.txt",
			);
			runOnlyForDeploymentPostprocessing = 0;
			shellPath = /bin/sh;
			shellScript = "diff \"${PODS_PODFILE_DIR_PATH}/Podfile.lock\" \"${PODS_ROOT}/Manifest.lock\" > /dev/null\nif [ $? != 0 ] ; then\n    # print error to STDERR\n    echo \"error: The sandbox is not in sync with the Podfile.lock. Run 'pod install' or update your CocoaPods installation.\" >&2\n    exit 1\nfi\n# This output is used by Xcode 'outputs' to avoid re-running this script phase.\necho \"SUCCESS\" > \"${SCRIPT_OUTPUT_FILE_0}\"\n";
			showEnvVarsInLog = 0;
		};
		D694D7C225FA1EDFB2CD1297 /* [CP] Check Pods Manifest.lock */ = {
			isa = PBXShellScriptBuildPhase;
			buildActionMask = 2147483647;
			files = (
			);
			inputFileListPaths = (
			);
			inputPaths = (
				"${PODS_PODFILE_DIR_PATH}/Podfile.lock",
				"${PODS_ROOT}/Manifest.lock",
			);
			name = "[CP] Check Pods Manifest.lock";
			outputFileListPaths = (
			);
			outputPaths = (
				"$(DERIVED_FILE_DIR)/Pods-BuggyAppTests-checkManifestLockResult.txt",
			);
			runOnlyForDeploymentPostprocessing = 0;
			shellPath = /bin/sh;
			shellScript = "diff \"${PODS_PODFILE_DIR_PATH}/Podfile.lock\" \"${PODS_ROOT}/Manifest.lock\" > /dev/null\nif [ $? != 0 ] ; then\n    # print error to STDERR\n    echo \"error: The sandbox is not in sync with the Podfile.lock. Run 'pod install' or update your CocoaPods installation.\" >&2\n    exit 1\nfi\n# This output is used by Xcode 'outputs' to avoid re-running this script phase.\necho \"SUCCESS\" > \"${SCRIPT_OUTPUT_FILE_0}\"\n";
			showEnvVarsInLog = 0;
		};
/* End PBXShellScriptBuildPhase section */

/* Begin PBXSourcesBuildPhase section */
		BF1E2B1022C5CEE800C65524 /* Sources */ = {
			isa = PBXSourcesBuildPhase;
			buildActionMask = 2147483647;
			files = (
				BF1E2B1822C5CEE800C65524 /* AppDelegate.swift in Sources */,
				BFEFE82422C60CD800A3B7EB /* Model.swift in Sources */,
				AE2873CC22CA8BA7004B4671 /* MusicTrackDetailViewController.swift in Sources */,
				AE2873CA22CA8B7B004B4671 /* MusicTracksViewController.swift in Sources */,
				AE2873C822CA78E0004B4671 /* TrackTableViewCell.swift in Sources */,
				BFEFE82222C60BFF00A3B7EB /* ApiManager.swift in Sources */,
				BFEFE82622C615A400A3B7EB /* CurrencyCell.swift in Sources */,
				BF1E2B4222C5D69500C65524 /* ThirdViewController.swift in Sources */,
				BF1E2B1A22C5CEE800C65524 /* FirstViewController.swift in Sources */,
			);
			runOnlyForDeploymentPostprocessing = 0;
		};
		BF1E2B2622C5CEEA00C65524 /* Sources */ = {
			isa = PBXSourcesBuildPhase;
			buildActionMask = 2147483647;
			files = (
				BF1E2B2F22C5CEEA00C65524 /* BuggyAppTests.swift in Sources */,
			);
			runOnlyForDeploymentPostprocessing = 0;
		};
/* End PBXSourcesBuildPhase section */

/* Begin PBXTargetDependency section */
		BF1E2B2C22C5CEEA00C65524 /* PBXTargetDependency */ = {
			isa = PBXTargetDependency;
			target = BF1E2B1322C5CEE800C65524 /* BuggyApp */;
			targetProxy = BF1E2B2B22C5CEEA00C65524 /* PBXContainerItemProxy */;
		};
/* End PBXTargetDependency section */

/* Begin PBXVariantGroup section */
		BF1E2B1D22C5CEE800C65524 /* Main.storyboard */ = {
			isa = PBXVariantGroup;
			children = (
				BF1E2B1E22C5CEE800C65524 /* Base */,
			);
			name = Main.storyboard;
			sourceTree = "<group>";
		};
		BF1E2B2222C5CEEA00C65524 /* LaunchScreen.storyboard */ = {
			isa = PBXVariantGroup;
			children = (
				BF1E2B2322C5CEEA00C65524 /* Base */,
			);
			name = LaunchScreen.storyboard;
			sourceTree = "<group>";
		};
		BFEFE82C22C621DC00A3B7EB /* First.storyboard */ = {
			isa = PBXVariantGroup;
			children = (
				BFEFE82D22C621DC00A3B7EB /* Base */,
			);
			name = First.storyboard;
			sourceTree = "<group>";
		};
		BFEFE82E22C621DC00A3B7EB /* Second.storyboard */ = {
			isa = PBXVariantGroup;
			children = (
				BFEFE82F22C621DC00A3B7EB /* Base */,
			);
			name = Second.storyboard;
			sourceTree = "<group>";
		};
		BFEFE83022C621DC00A3B7EB /* Third.storyboard */ = {
			isa = PBXVariantGroup;
			children = (
				BFEFE83122C621DC00A3B7EB /* Base */,
			);
			name = Third.storyboard;
			sourceTree = "<group>";
		};
/* End PBXVariantGroup section */

/* Begin XCBuildConfiguration section */
		BF1E2B3122C5CEEA00C65524 /* Debug */ = {
			isa = XCBuildConfiguration;
			buildSettings = {
				ALWAYS_SEARCH_USER_PATHS = NO;
				CLANG_ANALYZER_NONNULL = YES;
				CLANG_ANALYZER_NUMBER_OBJECT_CONVERSION = YES_AGGRESSIVE;
				CLANG_CXX_LANGUAGE_STANDARD = "gnu++14";
				CLANG_CXX_LIBRARY = "libc++";
				CLANG_ENABLE_MODULES = YES;
				CLANG_ENABLE_OBJC_ARC = YES;
				CLANG_ENABLE_OBJC_WEAK = YES;
				CLANG_WARN_BLOCK_CAPTURE_AUTORELEASING = YES;
				CLANG_WARN_BOOL_CONVERSION = YES;
				CLANG_WARN_COMMA = YES;
				CLANG_WARN_CONSTANT_CONVERSION = YES;
				CLANG_WARN_DEPRECATED_OBJC_IMPLEMENTATIONS = YES;
				CLANG_WARN_DIRECT_OBJC_ISA_USAGE = YES_ERROR;
				CLANG_WARN_DOCUMENTATION_COMMENTS = YES;
				CLANG_WARN_EMPTY_BODY = YES;
				CLANG_WARN_ENUM_CONVERSION = YES;
				CLANG_WARN_INFINITE_RECURSION = YES;
				CLANG_WARN_INT_CONVERSION = YES;
				CLANG_WARN_NON_LITERAL_NULL_CONVERSION = YES;
				CLANG_WARN_OBJC_IMPLICIT_RETAIN_SELF = YES;
				CLANG_WARN_OBJC_LITERAL_CONVERSION = YES;
				CLANG_WARN_OBJC_ROOT_CLASS = YES_ERROR;
				CLANG_WARN_RANGE_LOOP_ANALYSIS = YES;
				CLANG_WARN_STRICT_PROTOTYPES = YES;
				CLANG_WARN_SUSPICIOUS_MOVE = YES;
				CLANG_WARN_UNGUARDED_AVAILABILITY = YES_AGGRESSIVE;
				CLANG_WARN_UNREACHABLE_CODE = YES;
				CLANG_WARN__DUPLICATE_METHOD_MATCH = YES;
				CODE_SIGN_IDENTITY = "iPhone Developer";
				COPY_PHASE_STRIP = NO;
				DEBUG_INFORMATION_FORMAT = dwarf;
				ENABLE_STRICT_OBJC_MSGSEND = YES;
				ENABLE_TESTABILITY = YES;
				GCC_C_LANGUAGE_STANDARD = gnu11;
				GCC_DYNAMIC_NO_PIC = NO;
				GCC_NO_COMMON_BLOCKS = YES;
				GCC_OPTIMIZATION_LEVEL = 0;
				GCC_PREPROCESSOR_DEFINITIONS = (
					"DEBUG=1",
					"$(inherited)",
				);
				GCC_WARN_64_TO_32_BIT_CONVERSION = YES;
				GCC_WARN_ABOUT_RETURN_TYPE = YES_ERROR;
				GCC_WARN_UNDECLARED_SELECTOR = YES;
				GCC_WARN_UNINITIALIZED_AUTOS = YES_AGGRESSIVE;
				GCC_WARN_UNUSED_FUNCTION = YES;
				GCC_WARN_UNUSED_VARIABLE = YES;
				IPHONEOS_DEPLOYMENT_TARGET = 11.0;
				MTL_ENABLE_DEBUG_INFO = INCLUDE_SOURCE;
				MTL_FAST_MATH = YES;
				ONLY_ACTIVE_ARCH = YES;
				SDKROOT = iphoneos;
				SWIFT_ACTIVE_COMPILATION_CONDITIONS = DEBUG;
				SWIFT_OPTIMIZATION_LEVEL = "-Onone";
			};
			name = Debug;
		};
		BF1E2B3222C5CEEA00C65524 /* Release */ = {
			isa = XCBuildConfiguration;
			buildSettings = {
				ALWAYS_SEARCH_USER_PATHS = NO;
				CLANG_ANALYZER_NONNULL = YES;
				CLANG_ANALYZER_NUMBER_OBJECT_CONVERSION = YES_AGGRESSIVE;
				CLANG_CXX_LANGUAGE_STANDARD = "gnu++14";
				CLANG_CXX_LIBRARY = "libc++";
				CLANG_ENABLE_MODULES = YES;
				CLANG_ENABLE_OBJC_ARC = YES;
				CLANG_ENABLE_OBJC_WEAK = YES;
				CLANG_WARN_BLOCK_CAPTURE_AUTORELEASING = YES;
				CLANG_WARN_BOOL_CONVERSION = YES;
				CLANG_WARN_COMMA = YES;
				CLANG_WARN_CONSTANT_CONVERSION = YES;
				CLANG_WARN_DEPRECATED_OBJC_IMPLEMENTATIONS = YES;
				CLANG_WARN_DIRECT_OBJC_ISA_USAGE = YES_ERROR;
				CLANG_WARN_DOCUMENTATION_COMMENTS = YES;
				CLANG_WARN_EMPTY_BODY = YES;
				CLANG_WARN_ENUM_CONVERSION = YES;
				CLANG_WARN_INFINITE_RECURSION = YES;
				CLANG_WARN_INT_CONVERSION = YES;
				CLANG_WARN_NON_LITERAL_NULL_CONVERSION = YES;
				CLANG_WARN_OBJC_IMPLICIT_RETAIN_SELF = YES;
				CLANG_WARN_OBJC_LITERAL_CONVERSION = YES;
				CLANG_WARN_OBJC_ROOT_CLASS = YES_ERROR;
				CLANG_WARN_RANGE_LOOP_ANALYSIS = YES;
				CLANG_WARN_STRICT_PROTOTYPES = YES;
				CLANG_WARN_SUSPICIOUS_MOVE = YES;
				CLANG_WARN_UNGUARDED_AVAILABILITY = YES_AGGRESSIVE;
				CLANG_WARN_UNREACHABLE_CODE = YES;
				CLANG_WARN__DUPLICATE_METHOD_MATCH = YES;
				CODE_SIGN_IDENTITY = "iPhone Developer";
				COPY_PHASE_STRIP = NO;
				DEBUG_INFORMATION_FORMAT = "dwarf-with-dsym";
				ENABLE_NS_ASSERTIONS = NO;
				ENABLE_STRICT_OBJC_MSGSEND = YES;
				GCC_C_LANGUAGE_STANDARD = gnu11;
				GCC_NO_COMMON_BLOCKS = YES;
				GCC_WARN_64_TO_32_BIT_CONVERSION = YES;
				GCC_WARN_ABOUT_RETURN_TYPE = YES_ERROR;
				GCC_WARN_UNDECLARED_SELECTOR = YES;
				GCC_WARN_UNINITIALIZED_AUTOS = YES_AGGRESSIVE;
				GCC_WARN_UNUSED_FUNCTION = YES;
				GCC_WARN_UNUSED_VARIABLE = YES;
				IPHONEOS_DEPLOYMENT_TARGET = 11.0;
				MTL_ENABLE_DEBUG_INFO = NO;
				MTL_FAST_MATH = YES;
				SDKROOT = iphoneos;
				SWIFT_COMPILATION_MODE = wholemodule;
				SWIFT_OPTIMIZATION_LEVEL = "-O";
				VALIDATE_PRODUCT = YES;
			};
			name = Release;
		};
		BF1E2B3422C5CEEA00C65524 /* Debug */ = {
			isa = XCBuildConfiguration;
			baseConfigurationReference = 3B460585BBA02A6B2984F37B /* Pods-BuggyApp.debug.xcconfig */;
			buildSettings = {
				ASSETCATALOG_COMPILER_APPICON_NAME = AppIcon;
				CODE_SIGN_STYLE = Automatic;
				DEVELOPMENT_TEAM = WF47643S5X;
				INFOPLIST_FILE = BuggyApp/Info.plist;
				LD_RUNPATH_SEARCH_PATHS = (
					"$(inherited)",
					"@executable_path/Frameworks",
				);
				PRODUCT_BUNDLE_IDENTIFIER = com.scbeasy.BuggyApp;
				PRODUCT_NAME = "$(TARGET_NAME)";
				SWIFT_VERSION = 5.0;
				TARGETED_DEVICE_FAMILY = "1,2";
			};
			name = Debug;
		};
		BF1E2B3522C5CEEA00C65524 /* Release */ = {
			isa = XCBuildConfiguration;
			baseConfigurationReference = 7274C5F7029EB10AD8B0087D /* Pods-BuggyApp.release.xcconfig */;
			buildSettings = {
				ASSETCATALOG_COMPILER_APPICON_NAME = AppIcon;
				CODE_SIGN_STYLE = Automatic;
				DEVELOPMENT_TEAM = WF47643S5X;
				INFOPLIST_FILE = BuggyApp/Info.plist;
				LD_RUNPATH_SEARCH_PATHS = (
					"$(inherited)",
					"@executable_path/Frameworks",
				);
				PRODUCT_BUNDLE_IDENTIFIER = com.scbeasy.BuggyApp;
				PRODUCT_NAME = "$(TARGET_NAME)";
				SWIFT_VERSION = 5.0;
				TARGETED_DEVICE_FAMILY = "1,2";
			};
			name = Release;
		};
		BF1E2B3722C5CEEA00C65524 /* Debug */ = {
			isa = XCBuildConfiguration;
			baseConfigurationReference = 55F06A15BC6F80C68E57AD54 /* Pods-BuggyAppTests.debug.xcconfig */;
			buildSettings = {
				ALWAYS_EMBED_SWIFT_STANDARD_LIBRARIES = YES;
				BUNDLE_LOADER = "$(TEST_HOST)";
				CODE_SIGN_STYLE = Automatic;
				DEVELOPMENT_TEAM = WF47643S5X;
				INFOPLIST_FILE = BuggyAppTests/Info.plist;
				LD_RUNPATH_SEARCH_PATHS = (
					"$(inherited)",
					"@executable_path/Frameworks",
					"@loader_path/Frameworks",
				);
				PRODUCT_BUNDLE_IDENTIFIER = com.scbeasy.BuggyAppTests;
				PRODUCT_NAME = "$(TARGET_NAME)";
				SWIFT_VERSION = 5.0;
				TARGETED_DEVICE_FAMILY = "1,2";
				TEST_HOST = "$(BUILT_PRODUCTS_DIR)/BuggyApp.app/BuggyApp";
			};
			name = Debug;
		};
		BF1E2B3822C5CEEA00C65524 /* Release */ = {
			isa = XCBuildConfiguration;
			baseConfigurationReference = 3A6D13EE01A0440D37FD3FE1 /* Pods-BuggyAppTests.release.xcconfig */;
			buildSettings = {
				ALWAYS_EMBED_SWIFT_STANDARD_LIBRARIES = YES;
				BUNDLE_LOADER = "$(TEST_HOST)";
				CODE_SIGN_STYLE = Automatic;
				DEVELOPMENT_TEAM = WF47643S5X;
				INFOPLIST_FILE = BuggyAppTests/Info.plist;
				LD_RUNPATH_SEARCH_PATHS = (
					"$(inherited)",
					"@executable_path/Frameworks",
					"@loader_path/Frameworks",
				);
				PRODUCT_BUNDLE_IDENTIFIER = com.scbeasy.BuggyAppTests;
				PRODUCT_NAME = "$(TARGET_NAME)";
				SWIFT_VERSION = 5.0;
				TARGETED_DEVICE_FAMILY = "1,2";
				TEST_HOST = "$(BUILT_PRODUCTS_DIR)/BuggyApp.app/BuggyApp";
			};
			name = Release;
		};
/* End XCBuildConfiguration section */

/* Begin XCConfigurationList section */
		BF1E2B0F22C5CEE800C65524 /* Build configuration list for PBXProject "BuggyApp" */ = {
			isa = XCConfigurationList;
			buildConfigurations = (
				BF1E2B3122C5CEEA00C65524 /* Debug */,
				BF1E2B3222C5CEEA00C65524 /* Release */,
			);
			defaultConfigurationIsVisible = 0;
			defaultConfigurationName = Release;
		};
		BF1E2B3322C5CEEA00C65524 /* Build configuration list for PBXNativeTarget "BuggyApp" */ = {
			isa = XCConfigurationList;
			buildConfigurations = (
				BF1E2B3422C5CEEA00C65524 /* Debug */,
				BF1E2B3522C5CEEA00C65524 /* Release */,
			);
			defaultConfigurationIsVisible = 0;
			defaultConfigurationName = Release;
		};
		BF1E2B3622C5CEEA00C65524 /* Build configuration list for PBXNativeTarget "BuggyAppTests" */ = {
			isa = XCConfigurationList;
			buildConfigurations = (
				BF1E2B3722C5CEEA00C65524 /* Debug */,
				BF1E2B3822C5CEEA00C65524 /* Release */,
			);
			defaultConfigurationIsVisible = 0;
			defaultConfigurationName = Release;
		};
/* End XCConfigurationList section */
	};
	rootObject = BF1E2B0C22C5CEE800C65524 /* Project object */;
}
